
Microsoft Visual Studio Solution File, Format Version 12.00
# Visual Studio Version 17
VisualStudioVersion = 17.9.34728.123
MinimumVisualStudioVersion = 10.0.40219.1
Project("{FAE04EC0-301F-11D3-BF4B-00C04F79EFBC}") = "ArrayVetor", "ArrayVetor\ArrayVetor.csproj", "{2C977539-DF89-462D-A4F5-D9181556C321}"
EndProject
Project("{FAE04EC0-301F-11D3-BF4B-00C04F79EFBC}") = "ArrayVetorBidimensional", "ArrayVetorBidimensional\ArrayVetorBidimensional.csproj", "{A60188E9-EC01-4347-9AA7-07078D6B4618}"
EndProject
Project("{FAE04EC0-301F-11D3-BF4B-00C04F79EFBC}") = "Exercicio01", "Exercicio01\Exercicio01.csproj", "{383D2AAD-6774-4B80-857A-818D9270BFDB}"
EndProject
Global
	GlobalSection(SolutionConfigurationPlatforms) = preSolution
		Debug|Any CPU = Debug|Any CPU
		Release|Any CPU = Release|Any CPU
	EndGlobalSection
	GlobalSection(ProjectConfigurationPlatforms) = postSolution
		{2C977539-DF89-462D-A4F5-D9181556C321}.Debug|Any CPU.ActiveCfg = Debug|Any CPU
		{2C977539-DF89-462D-A4F5-D9181556C321}.Debug|Any CPU.Build.0 = Debug|Any CPU
		{2C977539-DF89-462D-A4F5-D9181556C321}.Release|Any CPU.ActiveCfg = Release|Any CPU
		{2C977539-DF89-462D-A4F5-D9181556C321}.Release|Any CPU.Build.0 = Release|Any CPU
		{A60188E9-EC01-4347-9AA7-07078D6B4618}.Debug|Any CPU.ActiveCfg = Debug|Any CPU
		{A60188E9-EC01-4347-9AA7-07078D6B4618}.Debug|Any CPU.Build.0 = Debug|Any CPU
		{A60188E9-EC01-4347-9AA7-07078D6B4618}.Release|Any CPU.ActiveCfg = Release|Any CPU
		{A60188E9-EC01-4347-9AA7-07078D6B4618}.Release|Any CPU.Build.0 = Release|Any CPU
		{383D2AAD-6774-4B80-857A-818D9270BFDB}.Debug|Any CPU.ActiveCfg = Debug|Any CPU
		{383D2AAD-6774-4B80-857A-818D9270BFDB}.Debug|Any CPU.Build.0 = Debug|Any CPU
		{383D2AAD-6774-4B80-857A-818D9270BFDB}.Release|Any CPU.ActiveCfg = Release|Any CPU
		{383D2AAD-6774-4B80-857A-818D9270BFDB}.Release|Any CPU.Build.0 = Release|Any CPU
	EndGlobalSection
	GlobalSection(SolutionProperties) = preSolution
		HideSolutionNode = FALSE
	EndGlobalSection
	GlobalSection(ExtensibilityGlobals) = postSolution
		SolutionGuid = {525F7FD9-7E75-4650-B4F9-842807385364}
	EndGlobalSection
EndGlobal
